
Microsoft Visual Studio Solution File, Format Version 12.00
# Visual Studio Version 17
VisualStudioVersion = 17.0.31903.59
MinimumVisualStudioVersion = 10.0.40219.1
Project("{2150E333-8FDC-42A3-9474-1A3956D46DE8}") = "src", "src", "{827E0CD3-B72D-47B6-A68D-7590B98EB39B}"
EndProject
Project("{FAE04EC0-301F-11D3-BF4B-00C04F79EFBC}") = "Product.Domain", "src\Product.Domain\Product.Domain.csproj", "{7CE2C871-E6DA-4918-B10F-A41303FFBF49}"
EndProject
Project("{FAE04EC0-301F-11D3-BF4B-00C04F79EFBC}") = "Product.Application", "src\Product.Application\Product.Application.csproj", "{FC922AF2-D8CE-4562-9923-AEB74B6F8245}"
EndProject
Project("{FAE04EC0-301F-11D3-BF4B-00C04F79EFBC}") = "Product.Api", "src\Product.Api\Product.Api.csproj", "{9B29B9E2-DB01-4E67-9F03-5789F5BDA151}"
EndProject
Project("{2150E333-8FDC-42A3-9474-1A3956D46DE8}") = "tests", "tests", "{0AB3BF05-4346-4AA6-1389-037BE0695223}"
EndProject
Project("{FAE04EC0-301F-11D3-BF4B-00C04F79EFBC}") = "Product.Infrastructure", "src\Product.Infrastructure\Product.Infrastructure.csproj", "{9C1DB66C-5C68-4C9E-9AC8-81E36CDE11C8}"
EndProject
Project("{FAE04EC0-301F-11D3-BF4B-00C04F79EFBC}") = "Product.UnitTests", "tests\Product.UnitTests\Product.UnitTests.csproj", "{FD33F44D-3ECD-419C-8CD1-D8B593D6AFA2}"
EndProject
Global
	GlobalSection(SolutionConfigurationPlatforms) = preSolution
		Debug|Any CPU = Debug|Any CPU
		Debug|x64 = Debug|x64
		Debug|x86 = Debug|x86
		Release|Any CPU = Release|Any CPU
		Release|x64 = Release|x64
		Release|x86 = Release|x86
	EndGlobalSection
	GlobalSection(ProjectConfigurationPlatforms) = postSolution
		{7CE2C871-E6DA-4918-B10F-A41303FFBF49}.Debug|Any CPU.ActiveCfg = Debug|Any CPU
		{7CE2C871-E6DA-4918-B10F-A41303FFBF49}.Debug|Any CPU.Build.0 = Debug|Any CPU
		{7CE2C871-E6DA-4918-B10F-A41303FFBF49}.Debug|x64.ActiveCfg = Debug|Any CPU
		{7CE2C871-E6DA-4918-B10F-A41303FFBF49}.Debug|x64.Build.0 = Debug|Any CPU
		{7CE2C871-E6DA-4918-B10F-A41303FFBF49}.Debug|x86.ActiveCfg = Debug|Any CPU
		{7CE2C871-E6DA-4918-B10F-A41303FFBF49}.Debug|x86.Build.0 = Debug|Any CPU
		{7CE2C871-E6DA-4918-B10F-A41303FFBF49}.Release|Any CPU.ActiveCfg = Release|Any CPU
		{7CE2C871-E6DA-4918-B10F-A41303FFBF49}.Release|Any CPU.Build.0 = Release|Any CPU
		{7CE2C871-E6DA-4918-B10F-A41303FFBF49}.Release|x64.ActiveCfg = Release|Any CPU
		{7CE2C871-E6DA-4918-B10F-A41303FFBF49}.Release|x64.Build.0 = Release|Any CPU
		{7CE2C871-E6DA-4918-B10F-A41303FFBF49}.Release|x86.ActiveCfg = Release|Any CPU
		{7CE2C871-E6DA-4918-B10F-A41303FFBF49}.Release|x86.Build.0 = Release|Any CPU
		{FC922AF2-D8CE-4562-9923-AEB74B6F8245}.Debug|Any CPU.ActiveCfg = Debug|Any CPU
		{FC922AF2-D8CE-4562-9923-AEB74B6F8245}.Debug|Any CPU.Build.0 = Debug|Any CPU
		{FC922AF2-D8CE-4562-9923-AEB74B6F8245}.Debug|x64.ActiveCfg = Debug|Any CPU
		{FC922AF2-D8CE-4562-9923-AEB74B6F8245}.Debug|x64.Build.0 = Debug|Any CPU
		{FC922AF2-D8CE-4562-9923-AEB74B6F8245}.Debug|x86.ActiveCfg = Debug|Any CPU
		{FC922AF2-D8CE-4562-9923-AEB74B6F8245}.Debug|x86.Build.0 = Debug|Any CPU
		{FC922AF2-D8CE-4562-9923-AEB74B6F8245}.Release|Any CPU.ActiveCfg = Release|Any CPU
		{FC922AF2-D8CE-4562-9923-AEB74B6F8245}.Release|Any CPU.Build.0 = Release|Any CPU
		{FC922AF2-D8CE-4562-9923-AEB74B6F8245}.Release|x64.ActiveCfg = Release|Any CPU
		{FC922AF2-D8CE-4562-9923-AEB74B6F8245}.Release|x64.Build.0 = Release|Any CPU
		{FC922AF2-D8CE-4562-9923-AEB74B6F8245}.Release|x86.ActiveCfg = Release|Any CPU
		{FC922AF2-D8CE-4562-9923-AEB74B6F8245}.Release|x86.Build.0 = Release|Any CPU
		{9B29B9E2-DB01-4E67-9F03-5789F5BDA151}.Debug|Any CPU.ActiveCfg = Debug|Any CPU
		{9B29B9E2-DB01-4E67-9F03-5789F5BDA151}.Debug|Any CPU.Build.0 = Debug|Any CPU
		{9B29B9E2-DB01-4E67-9F03-5789F5BDA151}.Debug|x64.ActiveCfg = Debug|Any CPU
		{9B29B9E2-DB01-4E67-9F03-5789F5BDA151}.Debug|x64.Build.0 = Debug|Any CPU
		{9B29B9E2-DB01-4E67-9F03-5789F5BDA151}.Debug|x86.ActiveCfg = Debug|Any CPU
		{9B29B9E2-DB01-4E67-9F03-5789F5BDA151}.Debug|x86.Build.0 = Debug|Any CPU
		{9B29B9E2-DB01-4E67-9F03-5789F5BDA151}.Release|Any CPU.ActiveCfg = Release|Any CPU
		{9B29B9E2-DB01-4E67-9F03-5789F5BDA151}.Release|Any CPU.Build.0 = Release|Any CPU
		{9B29B9E2-DB01-4E67-9F03-5789F5BDA151}.Release|x64.ActiveCfg = Release|Any CPU
		{9B29B9E2-DB01-4E67-9F03-5789F5BDA151}.Release|x64.Build.0 = Release|Any CPU
		{9B29B9E2-DB01-4E67-9F03-5789F5BDA151}.Release|x86.ActiveCfg = Release|Any CPU
		{9B29B9E2-DB01-4E67-9F03-5789F5BDA151}.Release|x86.Build.0 = Release|Any CPU
		{9C1DB66C-5C68-4C9E-9AC8-81E36CDE11C8}.Debug|Any CPU.ActiveCfg = Debug|Any CPU
		{9C1DB66C-5C68-4C9E-9AC8-81E36CDE11C8}.Debug|Any CPU.Build.0 = Debug|Any CPU
		{9C1DB66C-5C68-4C9E-9AC8-81E36CDE11C8}.Debug|x64.ActiveCfg = Debug|Any CPU
		{9C1DB66C-5C68-4C9E-9AC8-81E36CDE11C8}.Debug|x64.Build.0 = Debug|Any CPU
		{9C1DB66C-5C68-4C9E-9AC8-81E36CDE11C8}.Debug|x86.ActiveCfg = Debug|Any CPU
		{9C1DB66C-5C68-4C9E-9AC8-81E36CDE11C8}.Debug|x86.Build.0 = Debug|Any CPU
		{9C1DB66C-5C68-4C9E-9AC8-81E36CDE11C8}.Release|Any CPU.ActiveCfg = Release|Any CPU
		{9C1DB66C-5C68-4C9E-9AC8-81E36CDE11C8}.Release|Any CPU.Build.0 = Release|Any CPU
		{9C1DB66C-5C68-4C9E-9AC8-81E36CDE11C8}.Release|x64.ActiveCfg = Release|Any CPU
		{9C1DB66C-5C68-4C9E-9AC8-81E36CDE11C8}.Release|x64.Build.0 = Release|Any CPU
		{9C1DB66C-5C68-4C9E-9AC8-81E36CDE11C8}.Release|x86.ActiveCfg = Release|Any CPU
		{9C1DB66C-5C68-4C9E-9AC8-81E36CDE11C8}.Release|x86.Build.0 = Release|Any CPU
		{FD33F44D-3ECD-419C-8CD1-D8B593D6AFA2}.Debug|Any CPU.ActiveCfg = Debug|Any CPU
		{FD33F44D-3ECD-419C-8CD1-D8B593D6AFA2}.Debug|Any CPU.Build.0 = Debug|Any CPU
		{FD33F44D-3ECD-419C-8CD1-D8B593D6AFA2}.Debug|x64.ActiveCfg = Debug|Any CPU
		{FD33F44D-3ECD-419C-8CD1-D8B593D6AFA2}.Debug|x64.Build.0 = Debug|Any CPU
		{FD33F44D-3ECD-419C-8CD1-D8B593D6AFA2}.Debug|x86.ActiveCfg = Debug|Any CPU
		{FD33F44D-3ECD-419C-8CD1-D8B593D6AFA2}.Debug|x86.Build.0 = Debug|Any CPU
		{FD33F44D-3ECD-419C-8CD1-D8B593D6AFA2}.Release|Any CPU.ActiveCfg = Release|Any CPU
		{FD33F44D-3ECD-419C-8CD1-D8B593D6AFA2}.Release|Any CPU.Build.0 = Release|Any CPU
		{FD33F44D-3ECD-419C-8CD1-D8B593D6AFA2}.Release|x64.ActiveCfg = Release|Any CPU
		{FD33F44D-3ECD-419C-8CD1-D8B593D6AFA2}.Release|x64.Build.0 = Release|Any CPU
		{FD33F44D-3ECD-419C-8CD1-D8B593D6AFA2}.Release|x86.ActiveCfg = Release|Any CPU
		{FD33F44D-3ECD-419C-8CD1-D8B593D6AFA2}.Release|x86.Build.0 = Release|Any CPU
	EndGlobalSection
	GlobalSection(SolutionProperties) = preSolution
		HideSolutionNode = FALSE
	EndGlobalSection
	GlobalSection(NestedProjects) = preSolution
		{7CE2C871-E6DA-4918-B10F-A41303FFBF49} = {827E0CD3-B72D-47B6-A68D-7590B98EB39B}
		{FC922AF2-D8CE-4562-9923-AEB74B6F8245} = {827E0CD3-B72D-47B6-A68D-7590B98EB39B}
		{9B29B9E2-DB01-4E67-9F03-5789F5BDA151} = {827E0CD3-B72D-47B6-A68D-7590B98EB39B}
		{9C1DB66C-5C68-4C9E-9AC8-81E36CDE11C8} = {827E0CD3-B72D-47B6-A68D-7590B98EB39B}
		{FD33F44D-3ECD-419C-8CD1-D8B593D6AFA2} = {0AB3BF05-4346-4AA6-1389-037BE0695223}
	EndGlobalSection
EndGlobal
